
Microsoft Visual Studio Solution File, Format Version 12.00
# Visual Studio Version 16
VisualStudioVersion = 25.0.1700.1
MinimumVisualStudioVersion = 10.0.40219.1
Project("{FAE04EC0-301F-11D3-BF4B-00C04F79EFBC}") = "ChaosBackend", "ChaosBackend\ChaosBackend.csproj", "{5AE6FAB3-1CA8-4BE1-9AE9-D3DF839D5DF2}"
EndProject
Global
	GlobalSection(SolutionConfigurationPlatforms) = preSolution
		Debug|Any CPU = Debug|Any CPU
		Release|Any CPU = Release|Any CPU
	EndGlobalSection
	GlobalSection(ProjectConfigurationPlatforms) = postSolution
		{5AE6FAB3-1CA8-4BE1-9AE9-D3DF839D5DF2}.Debug|Any CPU.ActiveCfg = Debug|Any CPU
		{5AE6FAB3-1CA8-4BE1-9AE9-D3DF839D5DF2}.Debug|Any CPU.Build.0 = Debug|Any CPU
		{5AE6FAB3-1CA8-4BE1-9AE9-D3DF839D5DF2}.Release|Any CPU.ActiveCfg = Release|Any CPU
		{5AE6FAB3-1CA8-4BE1-9AE9-D3DF839D5DF2}.Release|Any CPU.Build.0 = Release|Any CPU
	EndGlobalSection
	GlobalSection(SolutionProperties) = preSolution
		HideSolutionNode = FALSE
	EndGlobalSection
	GlobalSection(ExtensibilityGlobals) = postSolution
		SolutionGuid = {1BD216F0-AD69-4526-82A0-18AF9753E304}
	EndGlobalSection
EndGlobal
